<?xml version="1.0" encoding="utf-8"?>
<Project ToolsVersion="4.0" xmlns="http://schemas.microsoft.com/developer/msbuild/2003">
  <ItemGroup>
    <ClCompile Include="source\AABB.cpp" />
    <ClCompile Include="source\Canons.cpp" />
    <ClCompile Include="source\IncrementScore.cpp" />
    <ClCompile Include="source\Laser.cpp" />
    <ClCompile Include="source\Chomper.cpp" />
    <ClCompile Include="source\Projectile.cpp" />
    <ClCompile Include="source\Button.cpp" />
    <ClCompile Include="source\Game.cpp" />
    <ClCompile Include="source\GameObject.cpp" />
    <ClCompile Include="source\InputManager.cpp" />
    <ClCompile Include="source\Main.cpp" />
    <ClCompile Include="source\BackGround.cpp" />
    <ClCompile Include="source\RecoverEnergy.cpp" />
    <ClCompile Include="source\RenderManager.cpp" />
    <ClCompile Include="source\RigidBody.cpp" />
    <ClCompile Include="source\Ship.cpp" />
    <ClCompile Include="source\SpeedUpgrade.cpp" />
    <ClCompile Include="source\TestObject.cpp" />
    <ClCompile Include="source\Circler.cpp" />
  </ItemGroup>
  <ItemGroup>
    <ClInclude Include="source\AABB.h" />
    <ClInclude Include="source\Amoeba.h" />
    <ClInclude Include="source\AnimatedImageObject.h" />
    <ClInclude Include="source\AnimatedImageRenderer.h" />
    <ClInclude Include="source\AtomicWrapper.h" />
    <ClInclude Include="source\AudioManager.h" />
    <ClInclude Include="source\BackGround.h" />
    <ClInclude Include="source\Beholder.h" />
    <ClInclude Include="source\Bubble.h" />
    <ClInclude Include="source\Button.h" />
    <ClInclude Include="source\Canons.h" />
    <ClInclude Include="source\Chomper.h" />
    <ClInclude Include="source\Daniel.h" />
    <ClInclude Include="source\Enemy.h" />
    <ClInclude Include="source\Game.h" />
    <ClInclude Include="source\GameObject.h" />
    <ClInclude Include="source\Gameplay.h" />
    <ClInclude Include="source\HorizontalMedusa.h" />
    <ClInclude Include="source\ImageObject.h" />
    <ClInclude Include="source\ImageRenderer.h" />
    <ClInclude Include="source\IncrementScore.h" />
    <ClInclude Include="source\InputManager.h" />
    <ClInclude Include="source\KillerWhale.h" />
    <ClInclude Include="source\Laser.h" />
    <ClInclude Include="source\MainMenu.h" />
    <ClInclude Include="source\Object.h" />
    <ClInclude Include="source\PowerUp.h" />
    <ClInclude Include="source\Projectile.h" />
    <ClInclude Include="source\RecoverEnergy.h" />
    <ClInclude Include="source\Renderer.h" />
    <ClInclude Include="source\RenderManager.h" />
    <ClInclude Include="source\RigidBody.h" />
    <ClInclude Include="source\Rounds.h" />
    <ClInclude Include="source\Scene.h" />
    <ClInclude Include="source\SceneManager.h" />
    <ClInclude Include="source\Ship.h" />
    <ClInclude Include="source\Spawner.h" />
    <ClInclude Include="source\SpeedUpgrade.h" />
    <ClInclude Include="source\Stream.h" />
    <ClInclude Include="source\TestAnimation.h" />
    <ClInclude Include="source\TestObject.h" />
    <ClInclude Include="source\TextObject.h" />
    <ClInclude Include="source\TextRenderer.h" />
    <ClInclude Include="source\TimeManager.h" />
    <ClInclude Include="source\Transform.h" />
    <ClInclude Include="source\Vector2.h" />
    <ClInclude Include="source\VerticalMedusa.h" />
    <ClInclude Include="source\BioTitan.h" />
    <ClInclude Include="source\Circler.h" />
    <ClInclude Include="source\CirclerProjectile.h" />
    <ClInclude Include="source\ScoreBoard.h" />
  </ItemGroup>
</Project>